{
    "_readme": [
        "This file locks the dependencies of your project to a known state",
        "Read more about it at https://getcomposer.org/doc/01-basic-usage.md#installing-dependencies",
        "This file is @generated automatically"
    ],
    "content-hash": "53e0265f1ee7979d2640f27c7fe0ff70",
    "packages": [
        {
            "name": "kornrunner/keccak",
            "version": "1.1.0",
            "source": {
                "type": "git",
                "url": "https://github.com/kornrunner/php-keccak.git",
                "reference": "433749d28e117fb97baf9f2631b92b5d9ab3c890"
            },
            "dist": {
                "type": "zip",
                "url": "https://api.github.com/repos/kornrunner/php-keccak/zipball/433749d28e117fb97baf9f2631b92b5d9ab3c890",
                "reference": "433749d28e117fb97baf9f2631b92b5d9ab3c890",
                "shasum": ""
            },
            "require": {
                "php": ">=7.3",
                "symfony/polyfill-mbstring": "^1.8"
            },
            "require-dev": {
                "phpunit/phpunit": "^8.2"
            },
            "type": "library",
            "autoload": {
                "psr-4": {
                    "kornrunner\\": "src"
                }
            },
            "notification-url": "https://packagist.org/downloads/",
            "license": [
                "MIT"
            ],
            "authors": [
                {
                    "name": "Boris Momcilovic",
                    "homepage": "https://github.com/kornrunner/php-keccak"
                }
            ],
            "description": "Pure PHP implementation of Keccak",
            "keywords": [
                "keccak",
                "sha-3",
                "sha3-256"
            ],
            "support": {
                "issues": "https://github.com/kornrunner/php-keccak/issues",
                "source": "https://github.com/kornrunner/php-keccak/tree/1.1.0"
            },
            "time": "2020-12-07T15:40:44+00:00"
        },
        {
            "name": "sop/asn1",
            "version": "4.1.1",
            "source": {
                "type": "git",
                "url": "https://github.com/sop/asn1.git",
                "reference": "074efe8f7c353c54edc809ac3d74efda83edd776"
            },
            "dist": {
                "type": "zip",
                "url": "https://api.github.com/repos/sop/asn1/zipball/074efe8f7c353c54edc809ac3d74efda83edd776",
                "reference": "074efe8f7c353c54edc809ac3d74efda83edd776",
                "shasum": ""
            },
            "require": {
                "ext-gmp": "*",
                "ext-mbstring": "*",
                "php": ">=7.2"
            },
            "require-dev": {
                "phpunit/phpunit": "^8.1"
            },
            "type": "library",
            "autoload": {
                "psr-4": {
                    "Sop\\ASN1\\": "lib/ASN1/"
                }
            },
            "notification-url": "https://packagist.org/downloads/",
            "license": [
                "MIT"
            ],
            "authors": [
                {
                    "name": "Joni Eskelinen",
                    "email": "jonieske@gmail.com",
                    "role": "Developer"
                }
            ],
            "description": "A PHP library for X.690 ASN.1 DER encoding and decoding.",
            "homepage": "https://github.com/sop/asn1",
            "keywords": [
                "DER",
                "asn.1",
                "asn1",
                "x.690",
                "x690"
            ],
            "support": {
                "issues": "https://github.com/sop/asn1/issues",
                "source": "https://github.com/sop/asn1/tree/4.1.1"
            },
            "time": "2022-02-17T07:08:51+00:00"
        },
        {
            "name": "sop/crypto-encoding",
            "version": "0.3.0",
            "source": {
                "type": "git",
                "url": "https://github.com/sop/crypto-encoding.git",
                "reference": "07537353e1b0e76c382a58a9c6e041b7c7dc9052"
            },
            "dist": {
                "type": "zip",
                "url": "https://api.github.com/repos/sop/crypto-encoding/zipball/07537353e1b0e76c382a58a9c6e041b7c7dc9052",
                "reference": "07537353e1b0e76c382a58a9c6e041b7c7dc9052",
                "shasum": ""
            },
            "require": {
                "php": ">=7.2"
            },
            "require-dev": {
                "phpunit/phpunit": "^8.1"
            },
            "type": "library",
            "autoload": {
                "psr-4": {
                    "Sop\\CryptoEncoding\\": "lib/CryptoEncoding/"
                }
            },
            "notification-url": "https://packagist.org/downloads/",
            "license": [
                "MIT"
            ],
            "authors": [
                {
                    "name": "Joni Eskelinen",
                    "email": "jonieske@gmail.com",
                    "role": "Developer"
                }
            ],
            "description": "A PHP implementation of textual encodings of cryptographic structures.",
            "homepage": "https://github.com/sop/crypto-encoding",
            "keywords": [
                "Private Key",
                "certificate",
                "pem",
                "public key"
            ],
            "support": {
                "issues": "https://github.com/sop/crypto-encoding/issues",
                "source": "https://github.com/sop/crypto-encoding/tree/master"
            },
            "time": "2019-05-22T11:46:12+00:00"
        },
        {
            "name": "sop/crypto-types",
            "version": "0.3.0",
            "source": {
                "type": "git",
                "url": "https://github.com/sop/crypto-types.git",
                "reference": "9da5b0a6e9e308ae0f75745dc41b6d24bd4136f8"
            },
            "dist": {
                "type": "zip",
                "url": "https://api.github.com/repos/sop/crypto-types/zipball/9da5b0a6e9e308ae0f75745dc41b6d24bd4136f8",
                "reference": "9da5b0a6e9e308ae0f75745dc41b6d24bd4136f8",
                "shasum": ""
            },
            "require": {
                "ext-gmp": "*",
                "php": ">=7.2",
                "sop/asn1": "^4.0.0",
                "sop/crypto-encoding": "^0.3.0"
            },
            "require-dev": {
                "phpunit/phpunit": "^8.1"
            },
            "type": "library",
            "autoload": {
                "psr-4": {
                    "Sop\\CryptoTypes\\": "lib/CryptoTypes/"
                }
            },
            "notification-url": "https://packagist.org/downloads/",
            "license": [
                "MIT"
            ],
            "authors": [
                {
                    "name": "Joni Eskelinen",
                    "email": "jonieske@gmail.com",
                    "role": "Developer"
                }
            ],
            "description": "A PHP library of various ASN.1 types for cryptographic applications.",
            "homepage": "https://github.com/sop/crypto-types",
            "keywords": [
                "Private Key",
                "algorithm identifier",
                "asn1",
                "cryptography",
                "ec",
                "public key",
                "rsa",
                "signature"
            ],
            "support": {
                "issues": "https://github.com/sop/crypto-types/issues",
                "source": "https://github.com/sop/crypto-types/tree/master"
            },
            "time": "2019-05-22T12:33:51+00:00"
        },
        {
            "name": "symfony/dotenv",
            "version": "v6.3.0",
            "source": {
                "type": "git",
                "url": "https://github.com/symfony/dotenv.git",
                "reference": "ceadb434fe2a6763a03d2d110441745834f3dd1e"
            },
            "dist": {
                "type": "zip",
                "url": "https://api.github.com/repos/symfony/dotenv/zipball/ceadb434fe2a6763a03d2d110441745834f3dd1e",
                "reference": "ceadb434fe2a6763a03d2d110441745834f3dd1e",
                "shasum": ""
            },
            "require": {
                "php": ">=8.1"
            },
            "conflict": {
                "symfony/console": "<5.4",
                "symfony/process": "<5.4"
            },
            "require-dev": {
                "symfony/console": "^5.4|^6.0",
                "symfony/process": "^5.4|^6.0"
            },
            "type": "library",
            "autoload": {
                "psr-4": {
                    "Symfony\\Component\\Dotenv\\": ""
                },
                "exclude-from-classmap": [
                    "/Tests/"
                ]
            },
            "notification-url": "https://packagist.org/downloads/",
            "license": [
                "MIT"
            ],
            "authors": [
                {
                    "name": "Fabien Potencier",
                    "email": "fabien@symfony.com"
                },
                {
                    "name": "Symfony Community",
                    "homepage": "https://symfony.com/contributors"
                }
            ],
            "description": "Registers environment variables from a .env file",
            "homepage": "https://symfony.com",
            "keywords": [
                "dotenv",
                "env",
                "environment"
            ],
            "support": {
                "source": "https://github.com/symfony/dotenv/tree/v6.3.0"
            },
            "funding": [
                {
                    "url": "https://symfony.com/sponsor",
                    "type": "custom"
                },
                {
                    "url": "https://github.com/fabpot",
                    "type": "github"
                },
                {
                    "url": "https://tidelift.com/funding/github/packagist/symfony/symfony",
                    "type": "tidelift"
                }
            ],
            "time": "2023-04-21T14:41:17+00:00"
        },
        {
            "name": "symfony/polyfill-mbstring",
            "version": "v1.27.0",
            "source": {
                "type": "git",
                "url": "https://github.com/symfony/polyfill-mbstring.git",
                "reference": "8ad114f6b39e2c98a8b0e3bd907732c207c2b534"
            },
            "dist": {
                "type": "zip",
                "url": "https://api.github.com/repos/symfony/polyfill-mbstring/zipball/8ad114f6b39e2c98a8b0e3bd907732c207c2b534",
                "reference": "8ad114f6b39e2c98a8b0e3bd907732c207c2b534",
                "shasum": ""
            },
            "require": {
                "php": ">=7.1"
            },
            "provide": {
                "ext-mbstring": "*"
            },
            "suggest": {
                "ext-mbstring": "For best performance"
            },
            "type": "library",
            "extra": {
                "branch-alias": {
                    "dev-main": "1.27-dev"
                },
                "thanks": {
                    "name": "symfony/polyfill",
                    "url": "https://github.com/symfony/polyfill"
                }
            },
            "autoload": {
                "files": [
                    "bootstrap.php"
                ],
                "psr-4": {
                    "Symfony\\Polyfill\\Mbstring\\": ""
                }
            },
            "notification-url": "https://packagist.org/downloads/",
            "license": [
                "MIT"
            ],
            "authors": [
                {
                    "name": "Nicolas Grekas",
                    "email": "p@tchwork.com"
                },
                {
                    "name": "Symfony Community",
                    "homepage": "https://symfony.com/contributors"
                }
            ],
            "description": "Symfony polyfill for the Mbstring extension",
            "homepage": "https://symfony.com",
            "keywords": [
                "compatibility",
                "mbstring",
                "polyfill",
                "portable",
                "shim"
            ],
            "support": {
                "source": "https://github.com/symfony/polyfill-mbstring/tree/v1.27.0"
            },
            "funding": [
                {
                    "url": "https://symfony.com/sponsor",
                    "type": "custom"
                },
                {
                    "url": "https://github.com/fabpot",
                    "type": "github"
                },
                {
                    "url": "https://tidelift.com/funding/github/packagist/symfony/symfony",
                    "type": "tidelift"
                }
            ],
            "time": "2022-11-03T14:55:06+00:00"
        }
    ],
    "packages-dev": [],
    "aliases": [],
    "minimum-stability": "stable",
    "stability-flags": [],
    "prefer-stable": false,
    "prefer-lowest": false,
    "platform": [],
    "platform-dev": [],
    "plugin-api-version": "2.3.0"
}
